github.com/google/go-cmp v0.5.5 h1:Khx7svrCpmxxtHBq5j2mp/xVjsi8hQMfNLvJFAlrGgU=
github.com/google/go-cmp v0.5.5/go.mod h1:v8dTdLbMG2kIc/vJvl+f65V22dbkXbowE6jgT/gNBxE=
github.com/rpajarola/exiftools v0.0.0-20250106232441-8b7f9e736868 h1:H3t/Tx00tY1DfAhHOBKaQOTc1yRRujcBYsg7H6FDMis=
github.com/rpajarola/exiftools v0.0.0-20250106232441-8b7f9e736868/go.mod h1:nBuNCWsjt46WpMXIbAfvlvKZB4z7TyrlhYxLL/CCiRU=
github.com/rpajarola/exiftools v0.0.0-20250107024459-fdcb905db366 h1:Tz8rI8iJyE1wttjYYPNqGyCUM1wPDuPoJepTm8AQZpE=
github.com/rpajarola/exiftools v0.0.0-20250107024459-fdcb905db366/go.mod h1:cQrmqO8HlkMgPfafRS71ivGtDIlxRp75hNv81DTNV5M=
github.com/rpajarola/exiftools v0.0.0-20250107204801-4f8673854bb4 h1:ivejwuM+H022MPh1URsCcq9z73TUNkg4xkIhLE/NStQ=
github.com/rpajarola/exiftools v0.0.0-20250107204801-4f8673854bb4/go.mod h1:cQrmqO8HlkMgPfafRS71ivGtDIlxRp75hNv81DTNV5M=
github.com/trimmer-io/go-xmp v1.0.0 h1:zY8bolSga5kOjBAaHS6hrdxLgEoYuT875xTy0QDwZWs=
github.com/trimmer-io/go-xmp v1.0.0/go.mod h1:Aaptr9sp1lLv7UnCAdQ+gSHZyY2miYaKmcNVj7HRBwA=
golang.org/x/xerrors v0.0.0-20200804184101-5ec99f83aff1 h1:go1bK/D/BFZV2I8cIQd1NKEZ+0owSTG1fDTci4IqFcE=
golang.org/x/xerrors v0.0.0-20200804184101-5ec99f83aff1/go.mod h1:I/5z698sn9Ka8TeJc9MKroUUfqBBauWjQqLJ2OPfmY0=
google.golang.org/protobuf v1.36.1 h1:yBPeRvTftaleIgM3PZ/WBIZ7XM/eEYAaEyCwvyjq/gk=
google.golang.org/protobuf v1.36.1/go.mod h1:9fA7Ob0pmnwhb644+1+CVWFRbNajQ6iRojtC/QF5bRE=
google.golang.org/protobuf v1.36.2 h1:R8FeyR1/eLmkutZOM5CWghmo5itiG9z0ktFlTVLuTmU=
google.golang.org/protobuf v1.36.2/go.mod h1:9fA7Ob0pmnwhb644+1+CVWFRbNajQ6iRojtC/QF5bRE=
