github.com/google/go-cmp v0.5.5 h1:Khx7svrCpmxxtHBq5j2mp/xVjsi8hQMfNLvJFAlrGgU=
github.com/google/go-cmp v0.5.5/go.mod h1:v8dTdLbMG2kIc/vJvl+f65V22dbkXbowE6jgT/gNBxE=
github.com/rpajarola/exiftools v0.0.0-20250108021308-8204ddfcf705 h1:c7ooFoTngxOvZa/u9Y/n5XkBe+OZtk6mMNCWNG8KP1o=
github.com/rpajarola/exiftools v0.0.0-20250108021308-8204ddfcf705/go.mod h1:cQrmqO8HlkMgPfafRS71ivGtDIlxRp75hNv81DTNV5M=
github.com/rpajarola/exiftools v0.0.0-20250108053955-587923a81134 h1:YN8Cvc6JlZSLADgWw8FicIucTi5Z/mD2BAwHQz+JbqM=
github.com/rpajarola/exiftools v0.0.0-20250108053955-587923a81134/go.mod h1:cQrmqO8HlkMgPfafRS71ivGtDIlxRp75hNv81DTNV5M=
github.com/trimmer-io/go-xmp v1.0.0 h1:zY8bolSga5kOjBAaHS6hrdxLgEoYuT875xTy0QDwZWs=
github.com/trimmer-io/go-xmp v1.0.0/go.mod h1:Aaptr9sp1lLv7UnCAdQ+gSHZyY2miYaKmcNVj7HRBwA=
golang.org/x/xerrors v0.0.0-20191204190536-9bdfabe68543/go.mod h1:I/5z698sn9Ka8TeJc9MKroUUfqBBauWjQqLJ2OPfmY0=
golang.org/x/xerrors v0.0.0-20200804184101-5ec99f83aff1 h1:go1bK/D/BFZV2I8cIQd1NKEZ+0owSTG1fDTci4IqFcE=
golang.org/x/xerrors v0.0.0-20200804184101-5ec99f83aff1/go.mod h1:I/5z698sn9Ka8TeJc9MKroUUfqBBauWjQqLJ2OPfmY0=
google.golang.org/protobuf v1.36.2 h1:R8FeyR1/eLmkutZOM5CWghmo5itiG9z0ktFlTVLuTmU=
google.golang.org/protobuf v1.36.2/go.mod h1:9fA7Ob0pmnwhb644+1+CVWFRbNajQ6iRojtC/QF5bRE=
